// !$*UTF8*$!
{
	archiveVersion = 1;
	classes = {
	};
	objectVersion = 56;
	objects = {

/* Begin PBXBuildFile section */
		204BD1102B0C3E210059C4C5 /* Network Manager.swift in Sources */ = {isa = PBXBuildFile; fileRef = 204BD10F2B0C3E210059C4C5 /* Network Manager.swift */; };
		204BD1122B0C78030059C4C5 /* Home Model.swift in Sources */ = {isa = PBXBuildFile; fileRef = 204BD1112B0C78030059C4C5 /* Home Model.swift */; };
		204BD11B2B0CB8A40059C4C5 /* RecommendedPlanCollectionViewCell.swift in Sources */ = {isa = PBXBuildFile; fileRef = 204BD1192B0CB8A40059C4C5 /* RecommendedPlanCollectionViewCell.swift */; };
		204BD11C2B0CB8A40059C4C5 /* RecommendedPlanCollectionViewCell.xib in Resources */ = {isa = PBXBuildFile; fileRef = 204BD11A2B0CB8A40059C4C5 /* RecommendedPlanCollectionViewCell.xib */; };
		204BD11F2B0CBED90059C4C5 /* CategoriesCollectionViewCell.swift in Sources */ = {isa = PBXBuildFile; fileRef = 204BD11D2B0CBED90059C4C5 /* CategoriesCollectionViewCell.swift */; };
		204BD1202B0CBED90059C4C5 /* CategoriesCollectionViewCell.xib in Resources */ = {isa = PBXBuildFile; fileRef = 204BD11E2B0CBED90059C4C5 /* CategoriesCollectionViewCell.xib */; };
		204BD1222B0E77590059C4C5 /* CollectionReusableView.swift in Sources */ = {isa = PBXBuildFile; fileRef = 204BD1212B0E77590059C4C5 /* CollectionReusableView.swift */; };
		204C22882B08D89B0045781B /* WorkoutCollectionViewCell.swift in Sources */ = {isa = PBXBuildFile; fileRef = 204C22862B08D89B0045781B /* WorkoutCollectionViewCell.swift */; };
		204C22892B08D89B0045781B /* WorkoutCollectionViewCell.xib in Resources */ = {isa = PBXBuildFile; fileRef = 204C22872B08D89B0045781B /* WorkoutCollectionViewCell.xib */; };
		204C228C2B08EC620045781B /* TrackerCollectionViewCell.swift in Sources */ = {isa = PBXBuildFile; fileRef = 204C228A2B08EC620045781B /* TrackerCollectionViewCell.swift */; };
		204C228D2B08EC620045781B /* TrackerCollectionViewCell.xib in Resources */ = {isa = PBXBuildFile; fileRef = 204C228B2B08EC620045781B /* TrackerCollectionViewCell.xib */; };
		205D9B722B0896D1003B60A5 /* AppDelegate.swift in Sources */ = {isa = PBXBuildFile; fileRef = 205D9B712B0896D1003B60A5 /* AppDelegate.swift */; };
		205D9B742B0896D1003B60A5 /* SceneDelegate.swift in Sources */ = {isa = PBXBuildFile; fileRef = 205D9B732B0896D1003B60A5 /* SceneDelegate.swift */; };
		205D9B762B0896D1003B60A5 /* ViewController.swift in Sources */ = {isa = PBXBuildFile; fileRef = 205D9B752B0896D1003B60A5 /* ViewController.swift */; };
		205D9B7B2B0896D2003B60A5 /* Assets.xcassets in Resources */ = {isa = PBXBuildFile; fileRef = 205D9B7A2B0896D2003B60A5 /* Assets.xcassets */; };
		205D9B7E2B0896D2003B60A5 /* LaunchScreen.storyboard in Resources */ = {isa = PBXBuildFile; fileRef = 205D9B7C2B0896D2003B60A5 /* LaunchScreen.storyboard */; };
		205D9B862B08B00E003B60A5 /* Main.storyboard in Resources */ = {isa = PBXBuildFile; fileRef = 205D9B852B08B00E003B60A5 /* Main.storyboard */; };
		205D9B9B2B08C2A2003B60A5 /* Poppins-ExtraLight.ttf in Resources */ = {isa = PBXBuildFile; fileRef = 205D9B882B08C2A2003B60A5 /* Poppins-ExtraLight.ttf */; };
		205D9B9C2B08C2A2003B60A5 /* Poppins-ThinItalic.ttf in Resources */ = {isa = PBXBuildFile; fileRef = 205D9B892B08C2A2003B60A5 /* Poppins-ThinItalic.ttf */; };
		205D9B9D2B08C2A2003B60A5 /* Poppins-ExtraLightItalic.ttf in Resources */ = {isa = PBXBuildFile; fileRef = 205D9B8A2B08C2A2003B60A5 /* Poppins-ExtraLightItalic.ttf */; };
		205D9B9E2B08C2A2003B60A5 /* Poppins-BoldItalic.ttf in Resources */ = {isa = PBXBuildFile; fileRef = 205D9B8B2B08C2A2003B60A5 /* Poppins-BoldItalic.ttf */; };
		205D9B9F2B08C2A2003B60A5 /* Poppins-Light.ttf in Resources */ = {isa = PBXBuildFile; fileRef = 205D9B8C2B08C2A2003B60A5 /* Poppins-Light.ttf */; };
		205D9BA02B08C2A2003B60A5 /* Poppins-Medium.ttf in Resources */ = {isa = PBXBuildFile; fileRef = 205D9B8D2B08C2A2003B60A5 /* Poppins-Medium.ttf */; };
		205D9BA12B08C2A2003B60A5 /* Poppins-SemiBoldItalic.ttf in Resources */ = {isa = PBXBuildFile; fileRef = 205D9B8E2B08C2A2003B60A5 /* Poppins-SemiBoldItalic.ttf */; };
		205D9BA22B08C2A2003B60A5 /* Poppins-ExtraBoldItalic.ttf in Resources */ = {isa = PBXBuildFile; fileRef = 205D9B8F2B08C2A2003B60A5 /* Poppins-ExtraBoldItalic.ttf */; };
		205D9BA32B08C2A2003B60A5 /* Poppins-ExtraBold.ttf in Resources */ = {isa = PBXBuildFile; fileRef = 205D9B902B08C2A2003B60A5 /* Poppins-ExtraBold.ttf */; };
		205D9BA42B08C2A2003B60A5 /* Poppins-BlackItalic.ttf in Resources */ = {isa = PBXBuildFile; fileRef = 205D9B912B08C2A2003B60A5 /* Poppins-BlackItalic.ttf */; };
		205D9BA52B08C2A2003B60A5 /* OFL.txt in Resources */ = {isa = PBXBuildFile; fileRef = 205D9B922B08C2A2003B60A5 /* OFL.txt */; };
		205D9BA62B08C2A2003B60A5 /* Poppins-Regular.ttf in Resources */ = {isa = PBXBuildFile; fileRef = 205D9B932B08C2A2003B60A5 /* Poppins-Regular.ttf */; };
		205D9BA72B08C2A2003B60A5 /* Poppins-LightItalic.ttf in Resources */ = {isa = PBXBuildFile; fileRef = 205D9B942B08C2A2003B60A5 /* Poppins-LightItalic.ttf */; };
		205D9BA82B08C2A2003B60A5 /* Poppins-Bold.ttf in Resources */ = {isa = PBXBuildFile; fileRef = 205D9B952B08C2A2003B60A5 /* Poppins-Bold.ttf */; };
		205D9BA92B08C2A2003B60A5 /* Poppins-Black.ttf in Resources */ = {isa = PBXBuildFile; fileRef = 205D9B962B08C2A2003B60A5 /* Poppins-Black.ttf */; };
		205D9BAA2B08C2A2003B60A5 /* Poppins-Thin.ttf in Resources */ = {isa = PBXBuildFile; fileRef = 205D9B972B08C2A2003B60A5 /* Poppins-Thin.ttf */; };
		205D9BAB2B08C2A2003B60A5 /* Poppins-SemiBold.ttf in Resources */ = {isa = PBXBuildFile; fileRef = 205D9B982B08C2A2003B60A5 /* Poppins-SemiBold.ttf */; };
		205D9BAC2B08C2A2003B60A5 /* Poppins-Italic.ttf in Resources */ = {isa = PBXBuildFile; fileRef = 205D9B992B08C2A2003B60A5 /* Poppins-Italic.ttf */; };
		205D9BAD2B08C2A2003B60A5 /* Poppins-MediumItalic.ttf in Resources */ = {isa = PBXBuildFile; fileRef = 205D9B9A2B08C2A2003B60A5 /* Poppins-MediumItalic.ttf */; };
/* End PBXBuildFile section */

/* Begin PBXFileReference section */
		204BD10F2B0C3E210059C4C5 /* Network Manager.swift */ = {isa = PBXFileReference; lastKnownFileType = sourcecode.swift; path = "Network Manager.swift"; sourceTree = "<group>"; };
		204BD1112B0C78030059C4C5 /* Home Model.swift */ = {isa = PBXFileReference; lastKnownFileType = sourcecode.swift; path = "Home Model.swift"; sourceTree = "<group>"; };
		204BD1192B0CB8A40059C4C5 /* RecommendedPlanCollectionViewCell.swift */ = {isa = PBXFileReference; lastKnownFileType = sourcecode.swift; path = RecommendedPlanCollectionViewCell.swift; sourceTree = "<group>"; };
		204BD11A2B0CB8A40059C4C5 /* RecommendedPlanCollectionViewCell.xib */ = {isa = PBXFileReference; lastKnownFileType = file.xib; path = RecommendedPlanCollectionViewCell.xib; sourceTree = "<group>"; };
		204BD11D2B0CBED90059C4C5 /* CategoriesCollectionViewCell.swift */ = {isa = PBXFileReference; lastKnownFileType = sourcecode.swift; path = CategoriesCollectionViewCell.swift; sourceTree = "<group>"; };
		204BD11E2B0CBED90059C4C5 /* CategoriesCollectionViewCell.xib */ = {isa = PBXFileReference; lastKnownFileType = file.xib; path = CategoriesCollectionViewCell.xib; sourceTree = "<group>"; };
		204BD1212B0E77590059C4C5 /* CollectionReusableView.swift */ = {isa = PBXFileReference; lastKnownFileType = sourcecode.swift; path = CollectionReusableView.swift; sourceTree = "<group>"; };
		204C22862B08D89B0045781B /* WorkoutCollectionViewCell.swift */ = {isa = PBXFileReference; lastKnownFileType = sourcecode.swift; path = WorkoutCollectionViewCell.swift; sourceTree = "<group>"; };
		204C22872B08D89B0045781B /* WorkoutCollectionViewCell.xib */ = {isa = PBXFileReference; lastKnownFileType = file.xib; path = WorkoutCollectionViewCell.xib; sourceTree = "<group>"; };
		204C228A2B08EC620045781B /* TrackerCollectionViewCell.swift */ = {isa = PBXFileReference; lastKnownFileType = sourcecode.swift; path = TrackerCollectionViewCell.swift; sourceTree = "<group>"; };
		204C228B2B08EC620045781B /* TrackerCollectionViewCell.xib */ = {isa = PBXFileReference; lastKnownFileType = file.xib; path = TrackerCollectionViewCell.xib; sourceTree = "<group>"; };
		205D9B6E2B0896D1003B60A5 /* Xeta Analytics.app */ = {isa = PBXFileReference; explicitFileType = wrapper.application; includeInIndex = 0; path = "Xeta Analytics.app"; sourceTree = BUILT_PRODUCTS_DIR; };
		205D9B712B0896D1003B60A5 /* AppDelegate.swift */ = {isa = PBXFileReference; lastKnownFileType = sourcecode.swift; path = AppDelegate.swift; sourceTree = "<group>"; };
		205D9B732B0896D1003B60A5 /* SceneDelegate.swift */ = {isa = PBXFileReference; lastKnownFileType = sourcecode.swift; path = SceneDelegate.swift; sourceTree = "<group>"; };
		205D9B752B0896D1003B60A5 /* ViewController.swift */ = {isa = PBXFileReference; lastKnownFileType = sourcecode.swift; path = ViewController.swift; sourceTree = "<group>"; };
		205D9B7A2B0896D2003B60A5 /* Assets.xcassets */ = {isa = PBXFileReference; lastKnownFileType = folder.assetcatalog; path = Assets.xcassets; sourceTree = "<group>"; };
		205D9B7D2B0896D2003B60A5 /* Base */ = {isa = PBXFileReference; lastKnownFileType = file.storyboard; name = Base; path = Base.lproj/LaunchScreen.storyboard; sourceTree = "<group>"; };
		205D9B7F2B0896D2003B60A5 /* Info.plist */ = {isa = PBXFileReference; lastKnownFileType = text.plist.xml; path = Info.plist; sourceTree = "<group>"; };
		205D9B852B08B00E003B60A5 /* Main.storyboard */ = {isa = PBXFileReference; lastKnownFileType = file.storyboard; path = Main.storyboard; sourceTree = "<group>"; };
		205D9B882B08C2A2003B60A5 /* Poppins-ExtraLight.ttf */ = {isa = PBXFileReference; lastKnownFileType = file; path = "Poppins-ExtraLight.ttf"; sourceTree = "<group>"; };
		205D9B892B08C2A2003B60A5 /* Poppins-ThinItalic.ttf */ = {isa = PBXFileReference; lastKnownFileType = file; path = "Poppins-ThinItalic.ttf"; sourceTree = "<group>"; };
		205D9B8A2B08C2A2003B60A5 /* Poppins-ExtraLightItalic.ttf */ = {isa = PBXFileReference; lastKnownFileType = file; path = "Poppins-ExtraLightItalic.ttf"; sourceTree = "<group>"; };
		205D9B8B2B08C2A2003B60A5 /* Poppins-BoldItalic.ttf */ = {isa = PBXFileReference; lastKnownFileType = file; path = "Poppins-BoldItalic.ttf"; sourceTree = "<group>"; };
		205D9B8C2B08C2A2003B60A5 /* Poppins-Light.ttf */ = {isa = PBXFileReference; lastKnownFileType = file; path = "Poppins-Light.ttf"; sourceTree = "<group>"; };
		205D9B8D2B08C2A2003B60A5 /* Poppins-Medium.ttf */ = {isa = PBXFileReference; lastKnownFileType = file; path = "Poppins-Medium.ttf"; sourceTree = "<group>"; };
		205D9B8E2B08C2A2003B60A5 /* Poppins-SemiBoldItalic.ttf */ = {isa = PBXFileReference; lastKnownFileType = file; path = "Poppins-SemiBoldItalic.ttf"; sourceTree = "<group>"; };
		205D9B8F2B08C2A2003B60A5 /* Poppins-ExtraBoldItalic.ttf */ = {isa = PBXFileReference; lastKnownFileType = file; path = "Poppins-ExtraBoldItalic.ttf"; sourceTree = "<group>"; };
		205D9B902B08C2A2003B60A5 /* Poppins-ExtraBold.ttf */ = {isa = PBXFileReference; lastKnownFileType = file; path = "Poppins-ExtraBold.ttf"; sourceTree = "<group>"; };
		205D9B912B08C2A2003B60A5 /* Poppins-BlackItalic.ttf */ = {isa = PBXFileReference; lastKnownFileType = file; path = "Poppins-BlackItalic.ttf"; sourceTree = "<group>"; };
		205D9B922B08C2A2003B60A5 /* OFL.txt */ = {isa = PBXFileReference; fileEncoding = 4; lastKnownFileType = text; path = OFL.txt; sourceTree = "<group>"; };
		205D9B932B08C2A2003B60A5 /* Poppins-Regular.ttf */ = {isa = PBXFileReference; lastKnownFileType = file; path = "Poppins-Regular.ttf"; sourceTree = "<group>"; };
		205D9B942B08C2A2003B60A5 /* Poppins-LightItalic.ttf */ = {isa = PBXFileReference; lastKnownFileType = file; path = "Poppins-LightItalic.ttf"; sourceTree = "<group>"; };
		205D9B952B08C2A2003B60A5 /* Poppins-Bold.ttf */ = {isa = PBXFileReference; lastKnownFileType = file; path = "Poppins-Bold.ttf"; sourceTree = "<group>"; };
		205D9B962B08C2A2003B60A5 /* Poppins-Black.ttf */ = {isa = PBXFileReference; lastKnownFileType = file; path = "Poppins-Black.ttf"; sourceTree = "<group>"; };
		205D9B972B08C2A2003B60A5 /* Poppins-Thin.ttf */ = {isa = PBXFileReference; lastKnownFileType = file; path = "Poppins-Thin.ttf"; sourceTree = "<group>"; };
		205D9B982B08C2A2003B60A5 /* Poppins-SemiBold.ttf */ = {isa = PBXFileReference; lastKnownFileType = file; path = "Poppins-SemiBold.ttf"; sourceTree = "<group>"; };
		205D9B992B08C2A2003B60A5 /* Poppins-Italic.ttf */ = {isa = PBXFileReference; lastKnownFileType = file; path = "Poppins-Italic.ttf"; sourceTree = "<group>"; };
		205D9B9A2B08C2A2003B60A5 /* Poppins-MediumItalic.ttf */ = {isa = PBXFileReference; lastKnownFileType = file; path = "Poppins-MediumItalic.ttf"; sourceTree = "<group>"; };
/* End PBXFileReference section */

/* Begin PBXFrameworksBuildPhase section */
		205D9B6B2B0896D1003B60A5 /* Frameworks */ = {
			isa = PBXFrameworksBuildPhase;
			buildActionMask = 2147483647;
			files = (
			);
			runOnlyForDeploymentPostprocessing = 0;
		};
/* End PBXFrameworksBuildPhase section */

/* Begin PBXGroup section */
		205D9B652B0896D1003B60A5 = {
			isa = PBXGroup;
			children = (
				205D9B702B0896D1003B60A5 /* Xeta Analytics */,
				205D9B6F2B0896D1003B60A5 /* Products */,
			);
			sourceTree = "<group>";
		};
		205D9B6F2B0896D1003B60A5 /* Products */ = {
			isa = PBXGroup;
			children = (
				205D9B6E2B0896D1003B60A5 /* Xeta Analytics.app */,
			);
			name = Products;
			sourceTree = "<group>";
		};
		205D9B702B0896D1003B60A5 /* Xeta Analytics */ = {
			isa = PBXGroup;
			children = (
				205D9B712B0896D1003B60A5 /* AppDelegate.swift */,
				205D9B732B0896D1003B60A5 /* SceneDelegate.swift */,
				205D9B752B0896D1003B60A5 /* ViewController.swift */,
				204C22862B08D89B0045781B /* WorkoutCollectionViewCell.swift */,
				204BD1212B0E77590059C4C5 /* CollectionReusableView.swift */,
				204C22872B08D89B0045781B /* WorkoutCollectionViewCell.xib */,
				204C228A2B08EC620045781B /* TrackerCollectionViewCell.swift */,
				204C228B2B08EC620045781B /* TrackerCollectionViewCell.xib */,
				204BD1192B0CB8A40059C4C5 /* RecommendedPlanCollectionViewCell.swift */,
				204BD11A2B0CB8A40059C4C5 /* RecommendedPlanCollectionViewCell.xib */,
				204BD11D2B0CBED90059C4C5 /* CategoriesCollectionViewCell.swift */,
				204BD11E2B0CBED90059C4C5 /* CategoriesCollectionViewCell.xib */,
				204BD10F2B0C3E210059C4C5 /* Network Manager.swift */,
				204BD1112B0C78030059C4C5 /* Home Model.swift */,
				205D9B852B08B00E003B60A5 /* Main.storyboard */,
				205D9B7A2B0896D2003B60A5 /* Assets.xcassets */,
				205D9B7C2B0896D2003B60A5 /* LaunchScreen.storyboard */,
				205D9B7F2B0896D2003B60A5 /* Info.plist */,
				205D9B882B08C2A2003B60A5 /* Poppins-ExtraLight.ttf */,
				205D9B872B08C2A2003B60A5 /* Poppins */,
			);
			path = "Xeta Analytics";
			sourceTree = "<group>";
		};
		205D9B872B08C2A2003B60A5 /* Poppins */ = {
			isa = PBXGroup;
			children = (
				205D9B892B08C2A2003B60A5 /* Poppins-ThinItalic.ttf */,
				205D9B8A2B08C2A2003B60A5 /* Poppins-ExtraLightItalic.ttf */,
				205D9B8B2B08C2A2003B60A5 /* Poppins-BoldItalic.ttf */,
				205D9B8C2B08C2A2003B60A5 /* Poppins-Light.ttf */,
				205D9B8D2B08C2A2003B60A5 /* Poppins-Medium.ttf */,
				205D9B8E2B08C2A2003B60A5 /* Poppins-SemiBoldItalic.ttf */,
				205D9B8F2B08C2A2003B60A5 /* Poppins-ExtraBoldItalic.ttf */,
				205D9B902B08C2A2003B60A5 /* Poppins-ExtraBold.ttf */,
				205D9B912B08C2A2003B60A5 /* Poppins-BlackItalic.ttf */,
				205D9B922B08C2A2003B60A5 /* OFL.txt */,
				205D9B932B08C2A2003B60A5 /* Poppins-Regular.ttf */,
				205D9B942B08C2A2003B60A5 /* Poppins-LightItalic.ttf */,
				205D9B952B08C2A2003B60A5 /* Poppins-Bold.ttf */,
				205D9B962B08C2A2003B60A5 /* Poppins-Black.ttf */,
				205D9B972B08C2A2003B60A5 /* Poppins-Thin.ttf */,
				205D9B982B08C2A2003B60A5 /* Poppins-SemiBold.ttf */,
				205D9B992B08C2A2003B60A5 /* Poppins-Italic.ttf */,
				205D9B9A2B08C2A2003B60A5 /* Poppins-MediumItalic.ttf */,
			);
			path = Poppins;
			sourceTree = "<group>";
		};
/* End PBXGroup section */

/* Begin PBXNativeTarget section */
		205D9B6D2B0896D1003B60A5 /* Xeta Analytics */ = {
			isa = PBXNativeTarget;
			buildConfigurationList = 205D9B822B0896D2003B60A5 /* Build configuration list for PBXNativeTarget "Xeta Analytics" */;
			buildPhases = (
				205D9B6A2B0896D1003B60A5 /* Sources */,
				205D9B6B2B0896D1003B60A5 /* Frameworks */,
				205D9B6C2B0896D1003B60A5 /* Resources */,
			);
			buildRules = (
			);
			dependencies = (
			);
			name = "Xeta Analytics";
			productName = "Xeta Analytics";
			productReference = 205D9B6E2B0896D1003B60A5 /* Xeta Analytics.app */;
			productType = "com.apple.product-type.application";
		};
/* End PBXNativeTarget section */

/* Begin PBXProject section */
		205D9B662B0896D1003B60A5 /* Project object */ = {
			isa = PBXProject;
			attributes = {
				BuildIndependentTargetsInParallel = 1;
				LastSwiftUpdateCheck = 1500;
				LastUpgradeCheck = 1500;
				TargetAttributes = {
					205D9B6D2B0896D1003B60A5 = {
						CreatedOnToolsVersion = 15.0;
					};
				};
			};
			buildConfigurationList = 205D9B692B0896D1003B60A5 /* Build configuration list for PBXProject "Xeta Analytics" */;
			compatibilityVersion = "Xcode 14.0";
			developmentRegion = en;
			hasScannedForEncodings = 0;
			knownRegions = (
				en,
				Base,
			);
			mainGroup = 205D9B652B0896D1003B60A5;
			productRefGroup = 205D9B6F2B0896D1003B60A5 /* Products */;
			projectDirPath = "";
			projectRoot = "";
			targets = (
				205D9B6D2B0896D1003B60A5 /* Xeta Analytics */,
			);
		};
/* End PBXProject section */

/* Begin PBXResourcesBuildPhase section */
		205D9B6C2B0896D1003B60A5 /* Resources */ = {
			isa = PBXResourcesBuildPhase;
			buildActionMask = 2147483647;
			files = (
				204BD11C2B0CB8A40059C4C5 /* RecommendedPlanCollectionViewCell.xib in Resources */,
				205D9BAA2B08C2A2003B60A5 /* Poppins-Thin.ttf in Resources */,
				205D9BAD2B08C2A2003B60A5 /* Poppins-MediumItalic.ttf in Resources */,
				205D9BA52B08C2A2003B60A5 /* OFL.txt in Resources */,
				205D9B9D2B08C2A2003B60A5 /* Poppins-ExtraLightItalic.ttf in Resources */,
				205D9BA42B08C2A2003B60A5 /* Poppins-BlackItalic.ttf in Resources */,
				205D9B9B2B08C2A2003B60A5 /* Poppins-ExtraLight.ttf in Resources */,
				205D9BAB2B08C2A2003B60A5 /* Poppins-SemiBold.ttf in Resources */,
				205D9B9E2B08C2A2003B60A5 /* Poppins-BoldItalic.ttf in Resources */,
				205D9B9F2B08C2A2003B60A5 /* Poppins-Light.ttf in Resources */,
				205D9BA92B08C2A2003B60A5 /* Poppins-Black.ttf in Resources */,
				205D9BAC2B08C2A2003B60A5 /* Poppins-Italic.ttf in Resources */,
				205D9BA32B08C2A2003B60A5 /* Poppins-ExtraBold.ttf in Resources */,
				205D9BA72B08C2A2003B60A5 /* Poppins-LightItalic.ttf in Resources */,
				205D9B862B08B00E003B60A5 /* Main.storyboard in Resources */,
				204C22892B08D89B0045781B /* WorkoutCollectionViewCell.xib in Resources */,
				205D9BA12B08C2A2003B60A5 /* Poppins-SemiBoldItalic.ttf in Resources */,
				205D9BA62B08C2A2003B60A5 /* Poppins-Regular.ttf in Resources */,
				204C228D2B08EC620045781B /* TrackerCollectionViewCell.xib in Resources */,
				205D9BA22B08C2A2003B60A5 /* Poppins-ExtraBoldItalic.ttf in Resources */,
				205D9BA82B08C2A2003B60A5 /* Poppins-Bold.ttf in Resources */,
				205D9B9C2B08C2A2003B60A5 /* Poppins-ThinItalic.ttf in Resources */,
				204BD1202B0CBED90059C4C5 /* CategoriesCollectionViewCell.xib in Resources */,
				205D9BA02B08C2A2003B60A5 /* Poppins-Medium.ttf in Resources */,
				205D9B7E2B0896D2003B60A5 /* LaunchScreen.storyboard in Resources */,
				205D9B7B2B0896D2003B60A5 /* Assets.xcassets in Resources */,
			);
			runOnlyForDeploymentPostprocessing = 0;
		};
/* End PBXResourcesBuildPhase section */

/* Begin PBXSourcesBuildPhase section */
		205D9B6A2B0896D1003B60A5 /* Sources */ = {
			isa = PBXSourcesBuildPhase;
			buildActionMask = 2147483647;
			files = (
				204BD11F2B0CBED90059C4C5 /* CategoriesCollectionViewCell.swift in Sources */,
				204C22882B08D89B0045781B /* WorkoutCollectionViewCell.swift in Sources */,
				205D9B762B0896D1003B60A5 /* ViewController.swift in Sources */,
				204BD1222B0E77590059C4C5 /* CollectionReusableView.swift in Sources */,
				204C228C2B08EC620045781B /* TrackerCollectionViewCell.swift in Sources */,
				205D9B722B0896D1003B60A5 /* AppDelegate.swift in Sources */,
				204BD1122B0C78030059C4C5 /* Home Model.swift in Sources */,
				205D9B742B0896D1003B60A5 /* SceneDelegate.swift in Sources */,
				204BD1102B0C3E210059C4C5 /* Network Manager.swift in Sources */,
				204BD11B2B0CB8A40059C4C5 /* RecommendedPlanCollectionViewCell.swift in Sources */,
			);
			runOnlyForDeploymentPostprocessing = 0;
		};
/* End PBXSourcesBuildPhase section */

/* Begin PBXVariantGroup section */
		205D9B7C2B0896D2003B60A5 /* LaunchScreen.storyboard */ = {
			isa = PBXVariantGroup;
			children = (
				205D9B7D2B0896D2003B60A5 /* Base */,
			);
			name = LaunchScreen.storyboard;
			sourceTree = "<group>";
		};
/* End PBXVariantGroup section */

/* Begin XCBuildConfiguration section */
		205D9B802B0896D2003B60A5 /* Debug */ = {
			isa = XCBuildConfiguration;
			buildSettings = {
				ALWAYS_SEARCH_USER_PATHS = NO;
				ASSETCATALOG_COMPILER_GENERATE_SWIFT_ASSET_SYMBOL_EXTENSIONS = YES;
				CLANG_ANALYZER_NONNULL = YES;
				CLANG_ANALYZER_NUMBER_OBJECT_CONVERSION = YES_AGGRESSIVE;
				CLANG_CXX_LANGUAGE_STANDARD = "gnu++20";
				CLANG_ENABLE_MODULES = YES;
				CLANG_ENABLE_OBJC_ARC = YES;
				CLANG_ENABLE_OBJC_WEAK = YES;
				CLANG_WARN_BLOCK_CAPTURE_AUTORELEASING = YES;
				CLANG_WARN_BOOL_CONVERSION = YES;
				CLANG_WARN_COMMA = YES;
				CLANG_WARN_CONSTANT_CONVERSION = YES;
				CLANG_WARN_DEPRECATED_OBJC_IMPLEMENTATIONS = YES;
				CLANG_WARN_DIRECT_OBJC_ISA_USAGE = YES_ERROR;
				CLANG_WARN_DOCUMENTATION_COMMENTS = YES;
				CLANG_WARN_EMPTY_BODY = YES;
				CLANG_WARN_ENUM_CONVERSION = YES;
				CLANG_WARN_INFINITE_RECURSION = YES;
				CLANG_WARN_INT_CONVERSION = YES;
				CLANG_WARN_NON_LITERAL_NULL_CONVERSION = YES;
				CLANG_WARN_OBJC_IMPLICIT_RETAIN_SELF = YES;
				CLANG_WARN_OBJC_LITERAL_CONVERSION = YES;
				CLANG_WARN_OBJC_ROOT_CLASS = YES_ERROR;
				CLANG_WARN_QUOTED_INCLUDE_IN_FRAMEWORK_HEADER = YES;
				CLANG_WARN_RANGE_LOOP_ANALYSIS = YES;
				CLANG_WARN_STRICT_PROTOTYPES = YES;
				CLANG_WARN_SUSPICIOUS_MOVE = YES;
				CLANG_WARN_UNGUARDED_AVAILABILITY = YES_AGGRESSIVE;
				CLANG_WARN_UNREACHABLE_CODE = YES;
				CLANG_WARN__DUPLICATE_METHOD_MATCH = YES;
				COPY_PHASE_STRIP = NO;
				DEBUG_INFORMATION_FORMAT = dwarf;
				ENABLE_STRICT_OBJC_MSGSEND = YES;
				ENABLE_TESTABILITY = YES;
				ENABLE_USER_SCRIPT_SANDBOXING = YES;
				GCC_C_LANGUAGE_STANDARD = gnu17;
				GCC_DYNAMIC_NO_PIC = NO;
				GCC_NO_COMMON_BLOCKS = YES;
				GCC_OPTIMIZATION_LEVEL = 0;
				GCC_PREPROCESSOR_DEFINITIONS = (
					"DEBUG=1",
					"$(inherited)",
				);
				GCC_WARN_64_TO_32_BIT_CONVERSION = YES;
				GCC_WARN_ABOUT_RETURN_TYPE = YES_ERROR;
				GCC_WARN_UNDECLARED_SELECTOR = YES;
				GCC_WARN_UNINITIALIZED_AUTOS = YES_AGGRESSIVE;
				GCC_WARN_UNUSED_FUNCTION = YES;
				GCC_WARN_UNUSED_VARIABLE = YES;
				IPHONEOS_DEPLOYMENT_TARGET = 17.0;
				LOCALIZATION_PREFERS_STRING_CATALOGS = YES;
				MTL_ENABLE_DEBUG_INFO = INCLUDE_SOURCE;
				MTL_FAST_MATH = YES;
				ONLY_ACTIVE_ARCH = YES;
				SDKROOT = iphoneos;
				SWIFT_ACTIVE_COMPILATION_CONDITIONS = "DEBUG $(inherited)";
				SWIFT_OPTIMIZATION_LEVEL = "-Onone";
			};
			name = Debug;
		};
		205D9B812B0896D2003B60A5 /* Release */ = {
			isa = XCBuildConfiguration;
			buildSettings = {
				ALWAYS_SEARCH_USER_PATHS = NO;
				ASSETCATALOG_COMPILER_GENERATE_SWIFT_ASSET_SYMBOL_EXTENSIONS = YES;
				CLANG_ANALYZER_NONNULL = YES;
				CLANG_ANALYZER_NUMBER_OBJECT_CONVERSION = YES_AGGRESSIVE;
				CLANG_CXX_LANGUAGE_STANDARD = "gnu++20";
				CLANG_ENABLE_MODULES = YES;
				CLANG_ENABLE_OBJC_ARC = YES;
				CLANG_ENABLE_OBJC_WEAK = YES;
				CLANG_WARN_BLOCK_CAPTURE_AUTORELEASING = YES;
				CLANG_WARN_BOOL_CONVERSION = YES;
				CLANG_WARN_COMMA = YES;
				CLANG_WARN_CONSTANT_CONVERSION = YES;
				CLANG_WARN_DEPRECATED_OBJC_IMPLEMENTATIONS = YES;
				CLANG_WARN_DIRECT_OBJC_ISA_USAGE = YES_ERROR;
				CLANG_WARN_DOCUMENTATION_COMMENTS = YES;
				CLANG_WARN_EMPTY_BODY = YES;
				CLANG_WARN_ENUM_CONVERSION = YES;
				CLANG_WARN_INFINITE_RECURSION = YES;
				CLANG_WARN_INT_CONVERSION = YES;
				CLANG_WARN_NON_LITERAL_NULL_CONVERSION = YES;
				CLANG_WARN_OBJC_IMPLICIT_RETAIN_SELF = YES;
				CLANG_WARN_OBJC_LITERAL_CONVERSION = YES;
				CLANG_WARN_OBJC_ROOT_CLASS = YES_ERROR;
				CLANG_WARN_QUOTED_INCLUDE_IN_FRAMEWORK_HEADER = YES;
				CLANG_WARN_RANGE_LOOP_ANALYSIS = YES;
				CLANG_WARN_STRICT_PROTOTYPES = YES;
				CLANG_WARN_SUSPICIOUS_MOVE = YES;
				CLANG_WARN_UNGUARDED_AVAILABILITY = YES_AGGRESSIVE;
				CLANG_WARN_UNREACHABLE_CODE = YES;
				CLANG_WARN__DUPLICATE_METHOD_MATCH = YES;
				COPY_PHASE_STRIP = NO;
				DEBUG_INFORMATION_FORMAT = "dwarf-with-dsym";
				ENABLE_NS_ASSERTIONS = NO;
				ENABLE_STRICT_OBJC_MSGSEND = YES;
				ENABLE_USER_SCRIPT_SANDBOXING = YES;
				GCC_C_LANGUAGE_STANDARD = gnu17;
				GCC_NO_COMMON_BLOCKS = YES;
				GCC_WARN_64_TO_32_BIT_CONVERSION = YES;
				GCC_WARN_ABOUT_RETURN_TYPE = YES_ERROR;
				GCC_WARN_UNDECLARED_SELECTOR = YES;
				GCC_WARN_UNINITIALIZED_AUTOS = YES_AGGRESSIVE;
				GCC_WARN_UNUSED_FUNCTION = YES;
				GCC_WARN_UNUSED_VARIABLE = YES;
				IPHONEOS_DEPLOYMENT_TARGET = 17.0;
				LOCALIZATION_PREFERS_STRING_CATALOGS = YES;
				MTL_ENABLE_DEBUG_INFO = NO;
				MTL_FAST_MATH = YES;
				SDKROOT = iphoneos;
				SWIFT_COMPILATION_MODE = wholemodule;
				VALIDATE_PRODUCT = YES;
			};
			name = Release;
		};
		205D9B832B0896D2003B60A5 /* Debug */ = {
			isa = XCBuildConfiguration;
			buildSettings = {
				ASSETCATALOG_COMPILER_APPICON_NAME = AppIcon;
				ASSETCATALOG_COMPILER_GLOBAL_ACCENT_COLOR_NAME = AccentColor;
				CODE_SIGN_STYLE = Automatic;
				CURRENT_PROJECT_VERSION = 1;
				DEVELOPMENT_TEAM = BVX54XCJ2D;
				GENERATE_INFOPLIST_FILE = YES;
				INFOPLIST_FILE = "Xeta Analytics/Info.plist";
				INFOPLIST_KEY_UIApplicationSupportsIndirectInputEvents = YES;
				INFOPLIST_KEY_UILaunchStoryboardName = LaunchScreen;
				INFOPLIST_KEY_UIMainStoryboardFile = Main;
				INFOPLIST_KEY_UISupportedInterfaceOrientations_iPad = "UIInterfaceOrientationPortrait UIInterfaceOrientationPortraitUpsideDown UIInterfaceOrientationLandscapeLeft UIInterfaceOrientationLandscapeRight";
				INFOPLIST_KEY_UISupportedInterfaceOrientations_iPhone = "UIInterfaceOrientationPortrait UIInterfaceOrientationLandscapeLeft UIInterfaceOrientationLandscapeRight";
				LD_RUNPATH_SEARCH_PATHS = (
					"$(inherited)",
					"@executable_path/Frameworks",
				);
				MARKETING_VERSION = 1.0;
				PRODUCT_BUNDLE_IDENTIFIER = "snehtyagi.Xeta-Analytics";
				PRODUCT_NAME = "$(TARGET_NAME)";
				SWIFT_EMIT_LOC_STRINGS = YES;
				SWIFT_VERSION = 5.0;
				TARGETED_DEVICE_FAMILY = "1,2";
			};
			name = Debug;
		};
		205D9B842B0896D2003B60A5 /* Release */ = {
			isa = XCBuildConfiguration;
			buildSettings = {
				ASSETCATALOG_COMPILER_APPICON_NAME = AppIcon;
				ASSETCATALOG_COMPILER_GLOBAL_ACCENT_COLOR_NAME = AccentColor;
				CODE_SIGN_STYLE = Automatic;
				CURRENT_PROJECT_VERSION = 1;
				DEVELOPMENT_TEAM = BVX54XCJ2D;
				GENERATE_INFOPLIST_FILE = YES;
				INFOPLIST_FILE = "Xeta Analytics/Info.plist";
				INFOPLIST_KEY_UIApplicationSupportsIndirectInputEvents = YES;
				INFOPLIST_KEY_UILaunchStoryboardName = LaunchScreen;
				INFOPLIST_KEY_UIMainStoryboardFile = Main;
				INFOPLIST_KEY_UISupportedInterfaceOrientations_iPad = "UIInterfaceOrientationPortrait UIInterfaceOrientationPortraitUpsideDown UIInterfaceOrientationLandscapeLeft UIInterfaceOrientationLandscapeRight";
				INFOPLIST_KEY_UISupportedInterfaceOrientations_iPhone = "UIInterfaceOrientationPortrait UIInterfaceOrientationLandscapeLeft UIInterfaceOrientationLandscapeRight";
				LD_RUNPATH_SEARCH_PATHS = (
					"$(inherited)",
					"@executable_path/Frameworks",
				);
				MARKETING_VERSION = 1.0;
				PRODUCT_BUNDLE_IDENTIFIER = "snehtyagi.Xeta-Analytics";
				PRODUCT_NAME = "$(TARGET_NAME)";
				SWIFT_EMIT_LOC_STRINGS = YES;
				SWIFT_VERSION = 5.0;
				TARGETED_DEVICE_FAMILY = "1,2";
			};
			name = Release;
		};
/* End XCBuildConfiguration section */

/* Begin XCConfigurationList section */
		205D9B692B0896D1003B60A5 /* Build configuration list for PBXProject "Xeta Analytics" */ = {
			isa = XCConfigurationList;
			buildConfigurations = (
				205D9B802B0896D2003B60A5 /* Debug */,
				205D9B812B0896D2003B60A5 /* Release */,
			);
			defaultConfigurationIsVisible = 0;
			defaultConfigurationName = Release;
		};
		205D9B822B0896D2003B60A5 /* Build configuration list for PBXNativeTarget "Xeta Analytics" */ = {
			isa = XCConfigurationList;
			buildConfigurations = (
				205D9B832B0896D2003B60A5 /* Debug */,
				205D9B842B0896D2003B60A5 /* Release */,
			);
			defaultConfigurationIsVisible = 0;
			defaultConfigurationName = Release;
		};
/* End XCConfigurationList section */
	};
	rootObject = 205D9B662B0896D1003B60A5 /* Project object */;
}
